
Microsoft Visual Studio Solution File, Format Version 12.00
# Visual Studio Version 16
VisualStudioVersion = 16.0.33423.256
MinimumVisualStudioVersion = 10.0.40219.1
Project("{FAE04EC0-301F-11D3-BF4B-00C04F79EFBC}") = "GameView", "GameOfLife\GameView.csproj", "{B3CDD7A0-FEA4-4234-A710-FE4BBDD863A3}"
EndProject
Project("{FAE04EC0-301F-11D3-BF4B-00C04F79EFBC}") = "GameController", "GameController\GameController.csproj", "{563DC746-5B1A-42B9-9F40-FCF94C9CA03C}"
EndProject
Project("{FAE04EC0-301F-11D3-BF4B-00C04F79EFBC}") = "GameModel", "GameModel\GameModel.csproj", "{9B0B2B42-6654-49A4-A1FD-D6557F8BD22F}"
EndProject
Global
	GlobalSection(SolutionConfigurationPlatforms) = preSolution
		Debug|Any CPU = Debug|Any CPU
		Release|Any CPU = Release|Any CPU
	EndGlobalSection
	GlobalSection(ProjectConfigurationPlatforms) = postSolution
		{B3CDD7A0-FEA4-4234-A710-FE4BBDD863A3}.Debug|Any CPU.ActiveCfg = Debug|Any CPU
		{B3CDD7A0-FEA4-4234-A710-FE4BBDD863A3}.Debug|Any CPU.Build.0 = Debug|Any CPU
		{B3CDD7A0-FEA4-4234-A710-FE4BBDD863A3}.Release|Any CPU.ActiveCfg = Release|Any CPU
		{B3CDD7A0-FEA4-4234-A710-FE4BBDD863A3}.Release|Any CPU.Build.0 = Release|Any CPU
		{563DC746-5B1A-42B9-9F40-FCF94C9CA03C}.Debug|Any CPU.ActiveCfg = Debug|Any CPU
		{563DC746-5B1A-42B9-9F40-FCF94C9CA03C}.Debug|Any CPU.Build.0 = Debug|Any CPU
		{563DC746-5B1A-42B9-9F40-FCF94C9CA03C}.Release|Any CPU.ActiveCfg = Release|Any CPU
		{563DC746-5B1A-42B9-9F40-FCF94C9CA03C}.Release|Any CPU.Build.0 = Release|Any CPU
		{9B0B2B42-6654-49A4-A1FD-D6557F8BD22F}.Debug|Any CPU.ActiveCfg = Debug|Any CPU
		{9B0B2B42-6654-49A4-A1FD-D6557F8BD22F}.Debug|Any CPU.Build.0 = Debug|Any CPU
		{9B0B2B42-6654-49A4-A1FD-D6557F8BD22F}.Release|Any CPU.ActiveCfg = Release|Any CPU
		{9B0B2B42-6654-49A4-A1FD-D6557F8BD22F}.Release|Any CPU.Build.0 = Release|Any CPU
	EndGlobalSection
	GlobalSection(SolutionProperties) = preSolution
		HideSolutionNode = FALSE
	EndGlobalSection
	GlobalSection(ExtensibilityGlobals) = postSolution
		SolutionGuid = {EBFAAA8B-3240-4B2C-AB31-B30D1BE70179}
	EndGlobalSection
EndGlobal
